// !$*UTF8*$!
{
	archiveVersion = 1;
	classes = {
	};
	objectVersion = 46;
	objects = {

/* Begin PBXBuildFile section */
		7B7B41571D0CF0DC0027BC45 /* main.m in Sources */ = {isa = PBXBuildFile; fileRef = 7B7B41561D0CF0DC0027BC45 /* main.m */; };
		7B7B415A1D0CF0DC0027BC45 /* AppDelegate.m in Sources */ = {isa = PBXBuildFile; fileRef = 7B7B41591D0CF0DC0027BC45 /* AppDelegate.m */; };
		7B7B415D1D0CF0DC0027BC45 /* MasterViewController.m in Sources */ = {isa = PBXBuildFile; fileRef = 7B7B415C1D0CF0DC0027BC45 /* MasterViewController.m */; };
		7B7B41601D0CF0DC0027BC45 /* DetailViewController.m in Sources */ = {isa = PBXBuildFile; fileRef = 7B7B415F1D0CF0DC0027BC45 /* DetailViewController.m */; };
		7B7B41631D0CF0DC0027BC45 /* Main.storyboard in Resources */ = {isa = PBXBuildFile; fileRef = 7B7B41611D0CF0DC0027BC45 /* Main.storyboard */; };
		7B7B41651D0CF0DC0027BC45 /* Assets.xcassets in Resources */ = {isa = PBXBuildFile; fileRef = 7B7B41641D0CF0DC0027BC45 /* Assets.xcassets */; };
		7B7B41681D0CF0DC0027BC45 /* LaunchScreen.storyboard in Resources */ = {isa = PBXBuildFile; fileRef = 7B7B41661D0CF0DC0027BC45 /* LaunchScreen.storyboard */; };
		7B7B41711D0CF6F50027BC45 /* Album.m in Sources */ = {isa = PBXBuildFile; fileRef = 7B7B41701D0CF6F50027BC45 /* Album.m */; };
		7B7B41741D0CFA200027BC45 /* AlbumDataController.m in Sources */ = {isa = PBXBuildFile; fileRef = 7B7B41731D0CFA200027BC45 /* AlbumDataController.m */; };
		7B7B41771D0D11910027BC45 /* AlbumTableViewCell.m in Sources */ = {isa = PBXBuildFile; fileRef = 7B7B41761D0D11910027BC45 /* AlbumTableViewCell.m */; };
/* End PBXBuildFile section */

/* Begin PBXFileReference section */
		7B7B41521D0CF0DC0027BC45 /* SpinCity.app */ = {isa = PBXFileReference; explicitFileType = wrapper.application; includeInIndex = 0; path = SpinCity.app; sourceTree = BUILT_PRODUCTS_DIR; };
		7B7B41561D0CF0DC0027BC45 /* main.m */ = {isa = PBXFileReference; lastKnownFileType = sourcecode.c.objc; path = main.m; sourceTree = "<group>"; };
		7B7B41581D0CF0DC0027BC45 /* AppDelegate.h */ = {isa = PBXFileReference; lastKnownFileType = sourcecode.c.h; path = AppDelegate.h; sourceTree = "<group>"; };
		7B7B41591D0CF0DC0027BC45 /* AppDelegate.m */ = {isa = PBXFileReference; lastKnownFileType = sourcecode.c.objc; path = AppDelegate.m; sourceTree = "<group>"; };
		7B7B415B1D0CF0DC0027BC45 /* MasterViewController.h */ = {isa = PBXFileReference; lastKnownFileType = sourcecode.c.h; path = MasterViewController.h; sourceTree = "<group>"; };
		7B7B415C1D0CF0DC0027BC45 /* MasterViewController.m */ = {isa = PBXFileReference; lastKnownFileType = sourcecode.c.objc; path = MasterViewController.m; sourceTree = "<group>"; };
		7B7B415E1D0CF0DC0027BC45 /* DetailViewController.h */ = {isa = PBXFileReference; lastKnownFileType = sourcecode.c.h; path = DetailViewController.h; sourceTree = "<group>"; };
		7B7B415F1D0CF0DC0027BC45 /* DetailViewController.m */ = {isa = PBXFileReference; lastKnownFileType = sourcecode.c.objc; path = DetailViewController.m; sourceTree = "<group>"; };
		7B7B41621D0CF0DC0027BC45 /* Base */ = {isa = PBXFileReference; lastKnownFileType = file.storyboard; name = Base; path = Base.lproj/Main.storyboard; sourceTree = "<group>"; };
		7B7B41641D0CF0DC0027BC45 /* Assets.xcassets */ = {isa = PBXFileReference; lastKnownFileType = folder.assetcatalog; path = Assets.xcassets; sourceTree = "<group>"; };
		7B7B41671D0CF0DC0027BC45 /* Base */ = {isa = PBXFileReference; lastKnownFileType = file.storyboard; name = Base; path = Base.lproj/LaunchScreen.storyboard; sourceTree = "<group>"; };
		7B7B41691D0CF0DC0027BC45 /* Info.plist */ = {isa = PBXFileReference; lastKnownFileType = text.plist.xml; path = Info.plist; sourceTree = "<group>"; };
		7B7B416F1D0CF6F50027BC45 /* Album.h */ = {isa = PBXFileReference; fileEncoding = 4; lastKnownFileType = sourcecode.c.h; path = Album.h; sourceTree = "<group>"; };
		7B7B41701D0CF6F50027BC45 /* Album.m */ = {isa = PBXFileReference; fileEncoding = 4; lastKnownFileType = sourcecode.c.objc; path = Album.m; sourceTree = "<group>"; };
		7B7B41721D0CFA200027BC45 /* AlbumDataController.h */ = {isa = PBXFileReference; fileEncoding = 4; lastKnownFileType = sourcecode.c.h; path = AlbumDataController.h; sourceTree = "<group>"; };
		7B7B41731D0CFA200027BC45 /* AlbumDataController.m */ = {isa = PBXFileReference; fileEncoding = 4; lastKnownFileType = sourcecode.c.objc; path = AlbumDataController.m; sourceTree = "<group>"; };
		7B7B41751D0D11910027BC45 /* AlbumTableViewCell.h */ = {isa = PBXFileReference; fileEncoding = 4; lastKnownFileType = sourcecode.c.h; path = AlbumTableViewCell.h; sourceTree = "<group>"; };
		7B7B41761D0D11910027BC45 /* AlbumTableViewCell.m */ = {isa = PBXFileReference; fileEncoding = 4; lastKnownFileType = sourcecode.c.objc; path = AlbumTableViewCell.m; sourceTree = "<group>"; };
/* End PBXFileReference section */

/* Begin PBXFrameworksBuildPhase section */
		7B7B414F1D0CF0DC0027BC45 /* Frameworks */ = {
			isa = PBXFrameworksBuildPhase;
			buildActionMask = 2147483647;
			files = (
			);
			runOnlyForDeploymentPostprocessing = 0;
		};
/* End PBXFrameworksBuildPhase section */

/* Begin PBXGroup section */
		7B7B41491D0CF0DC0027BC45 = {
			isa = PBXGroup;
			children = (
				7B7B41541D0CF0DC0027BC45 /* SpinCity */,
				7B7B41531D0CF0DC0027BC45 /* Products */,
			);
			sourceTree = "<group>";
		};
		7B7B41531D0CF0DC0027BC45 /* Products */ = {
			isa = PBXGroup;
			children = (
				7B7B41521D0CF0DC0027BC45 /* SpinCity.app */,
			);
			name = Products;
			sourceTree = "<group>";
		};
		7B7B41541D0CF0DC0027BC45 /* SpinCity */ = {
			isa = PBXGroup;
			children = (
				7B7B41581D0CF0DC0027BC45 /* AppDelegate.h */,
				7B7B41591D0CF0DC0027BC45 /* AppDelegate.m */,
				7B7B415B1D0CF0DC0027BC45 /* MasterViewController.h */,
				7B7B415C1D0CF0DC0027BC45 /* MasterViewController.m */,
				7B7B415E1D0CF0DC0027BC45 /* DetailViewController.h */,
				7B7B415F1D0CF0DC0027BC45 /* DetailViewController.m */,
				7B7B41611D0CF0DC0027BC45 /* Main.storyboard */,
				7B7B41641D0CF0DC0027BC45 /* Assets.xcassets */,
				7B7B41661D0CF0DC0027BC45 /* LaunchScreen.storyboard */,
				7B7B41691D0CF0DC0027BC45 /* Info.plist */,
				7B7B41551D0CF0DC0027BC45 /* Supporting Files */,
				7B7B416F1D0CF6F50027BC45 /* Album.h */,
				7B7B41701D0CF6F50027BC45 /* Album.m */,
				7B7B41721D0CFA200027BC45 /* AlbumDataController.h */,
				7B7B41731D0CFA200027BC45 /* AlbumDataController.m */,
				7B7B41751D0D11910027BC45 /* AlbumTableViewCell.h */,
				7B7B41761D0D11910027BC45 /* AlbumTableViewCell.m */,
			);
			path = SpinCity;
			sourceTree = "<group>";
		};
		7B7B41551D0CF0DC0027BC45 /* Supporting Files */ = {
			isa = PBXGroup;
			children = (
				7B7B41561D0CF0DC0027BC45 /* main.m */,
			);
			name = "Supporting Files";
			sourceTree = "<group>";
		};
/* End PBXGroup section */

/* Begin PBXNativeTarget section */
		7B7B41511D0CF0DC0027BC45 /* SpinCity */ = {
			isa = PBXNativeTarget;
			buildConfigurationList = 7B7B416C1D0CF0DC0027BC45 /* Build configuration list for PBXNativeTarget "SpinCity" */;
			buildPhases = (
				7B7B414E1D0CF0DC0027BC45 /* Sources */,
				7B7B414F1D0CF0DC0027BC45 /* Frameworks */,
				7B7B41501D0CF0DC0027BC45 /* Resources */,
			);
			buildRules = (
			);
			dependencies = (
			);
			name = SpinCity;
			productName = SpinCity;
			productReference = 7B7B41521D0CF0DC0027BC45 /* SpinCity.app */;
			productType = "com.apple.product-type.application";
		};
/* End PBXNativeTarget section */

/* Begin PBXProject section */
		7B7B414A1D0CF0DC0027BC45 /* Project object */ = {
			isa = PBXProject;
			attributes = {
				LastUpgradeCheck = 0730;
				ORGANIZATIONNAME = "Sunny Jeong";
				TargetAttributes = {
					7B7B41511D0CF0DC0027BC45 = {
						CreatedOnToolsVersion = 7.3;
					};
				};
			};
			buildConfigurationList = 7B7B414D1D0CF0DC0027BC45 /* Build configuration list for PBXProject "SpinCity" */;
			compatibilityVersion = "Xcode 3.2";
			developmentRegion = English;
			hasScannedForEncodings = 0;
			knownRegions = (
				en,
				Base,
			);
			mainGroup = 7B7B41491D0CF0DC0027BC45;
			productRefGroup = 7B7B41531D0CF0DC0027BC45 /* Products */;
			projectDirPath = "";
			projectRoot = "";
			targets = (
				7B7B41511D0CF0DC0027BC45 /* SpinCity */,
			);
		};
/* End PBXProject section */

/* Begin PBXResourcesBuildPhase section */
		7B7B41501D0CF0DC0027BC45 /* Resources */ = {
			isa = PBXResourcesBuildPhase;
			buildActionMask = 2147483647;
			files = (
				7B7B41681D0CF0DC0027BC45 /* LaunchScreen.storyboard in Resources */,
				7B7B41651D0CF0DC0027BC45 /* Assets.xcassets in Resources */,
				7B7B41631D0CF0DC0027BC45 /* Main.storyboard in Resources */,
			);
			runOnlyForDeploymentPostprocessing = 0;
		};
/* End PBXResourcesBuildPhase section */

/* Begin PBXSourcesBuildPhase section */
		7B7B414E1D0CF0DC0027BC45 /* Sources */ = {
			isa = PBXSourcesBuildPhase;
			buildActionMask = 2147483647;
			files = (
				7B7B415A1D0CF0DC0027BC45 /* AppDelegate.m in Sources */,
				7B7B41741D0CFA200027BC45 /* AlbumDataController.m in Sources */,
				7B7B415D1D0CF0DC0027BC45 /* MasterViewController.m in Sources */,
				7B7B41571D0CF0DC0027BC45 /* main.m in Sources */,
				7B7B41771D0D11910027BC45 /* AlbumTableViewCell.m in Sources */,
				7B7B41711D0CF6F50027BC45 /* Album.m in Sources */,
				7B7B41601D0CF0DC0027BC45 /* DetailViewController.m in Sources */,
			);
			runOnlyForDeploymentPostprocessing = 0;
		};
/* End PBXSourcesBuildPhase section */

/* Begin PBXVariantGroup section */
		7B7B41611D0CF0DC0027BC45 /* Main.storyboard */ = {
			isa = PBXVariantGroup;
			children = (
				7B7B41621D0CF0DC0027BC45 /* Base */,
			);
			name = Main.storyboard;
			sourceTree = "<group>";
		};
		7B7B41661D0CF0DC0027BC45 /* LaunchScreen.storyboard */ = {
			isa = PBXVariantGroup;
			children = (
				7B7B41671D0CF0DC0027BC45 /* Base */,
			);
			name = LaunchScreen.storyboard;
			sourceTree = "<group>";
		};
/* End PBXVariantGroup section */

/* Begin XCBuildConfiguration section */
		7B7B416A1D0CF0DC0027BC45 /* Debug */ = {
			isa = XCBuildConfiguration;
			buildSettings = {
				ALWAYS_SEARCH_USER_PATHS = NO;
				CLANG_ANALYZER_NONNULL = YES;
				CLANG_CXX_LANGUAGE_STANDARD = "gnu++0x";
				CLANG_CXX_LIBRARY = "libc++";
				CLANG_ENABLE_MODULES = YES;
				CLANG_ENABLE_OBJC_ARC = YES;
				CLANG_WARN_BOOL_CONVERSION = YES;
				CLANG_WARN_CONSTANT_CONVERSION = YES;
				CLANG_WARN_DIRECT_OBJC_ISA_USAGE = YES_ERROR;
				CLANG_WARN_EMPTY_BODY = YES;
				CLANG_WARN_ENUM_CONVERSION = YES;
				CLANG_WARN_INT_CONVERSION = YES;
				CLANG_WARN_OBJC_ROOT_CLASS = YES_ERROR;
				CLANG_WARN_UNREACHABLE_CODE = YES;
				CLANG_WARN__DUPLICATE_METHOD_MATCH = YES;
				"CODE_SIGN_IDENTITY[sdk=iphoneos*]" = "iPhone Developer";
				COPY_PHASE_STRIP = NO;
				DEBUG_INFORMATION_FORMAT = dwarf;
				ENABLE_STRICT_OBJC_MSGSEND = YES;
				ENABLE_TESTABILITY = YES;
				GCC_C_LANGUAGE_STANDARD = gnu99;
				GCC_DYNAMIC_NO_PIC = NO;
				GCC_NO_COMMON_BLOCKS = YES;
				GCC_OPTIMIZATION_LEVEL = 0;
				GCC_PREPROCESSOR_DEFINITIONS = (
					"DEBUG=1",
					"$(inherited)",
				);
				GCC_WARN_64_TO_32_BIT_CONVERSION = YES;
				GCC_WARN_ABOUT_RETURN_TYPE = YES_ERROR;
				GCC_WARN_UNDECLARED_SELECTOR = YES;
				GCC_WARN_UNINITIALIZED_AUTOS = YES_AGGRESSIVE;
				GCC_WARN_UNUSED_FUNCTION = YES;
				GCC_WARN_UNUSED_VARIABLE = YES;
				IPHONEOS_DEPLOYMENT_TARGET = 9.3;
				MTL_ENABLE_DEBUG_INFO = YES;
				ONLY_ACTIVE_ARCH = YES;
				SDKROOT = iphoneos;
			};
			name = Debug;
		};
		7B7B416B1D0CF0DC0027BC45 /* Release */ = {
			isa = XCBuildConfiguration;
			buildSettings = {
				ALWAYS_SEARCH_USER_PATHS = NO;
				CLANG_ANALYZER_NONNULL = YES;
				CLANG_CXX_LANGUAGE_STANDARD = "gnu++0x";
				CLANG_CXX_LIBRARY = "libc++";
				CLANG_ENABLE_MODULES = YES;
				CLANG_ENABLE_OBJC_ARC = YES;
				CLANG_WARN_BOOL_CONVERSION = YES;
				CLANG_WARN_CONSTANT_CONVERSION = YES;
				CLANG_WARN_DIRECT_OBJC_ISA_USAGE = YES_ERROR;
				CLANG_WARN_EMPTY_BODY = YES;
				CLANG_WARN_ENUM_CONVERSION = YES;
				CLANG_WARN_INT_CONVERSION = YES;
				CLANG_WARN_OBJC_ROOT_CLASS = YES_ERROR;
				CLANG_WARN_UNREACHABLE_CODE = YES;
				CLANG_WARN__DUPLICATE_METHOD_MATCH = YES;
				"CODE_SIGN_IDENTITY[sdk=iphoneos*]" = "iPhone Developer";
				COPY_PHASE_STRIP = NO;
				DEBUG_INFORMATION_FORMAT = "dwarf-with-dsym";
				ENABLE_NS_ASSERTIONS = NO;
				ENABLE_STRICT_OBJC_MSGSEND = YES;
				GCC_C_LANGUAGE_STANDARD = gnu99;
				GCC_NO_COMMON_BLOCKS = YES;
				GCC_WARN_64_TO_32_BIT_CONVERSION = YES;
				GCC_WARN_ABOUT_RETURN_TYPE = YES_ERROR;
				GCC_WARN_UNDECLARED_SELECTOR = YES;
				GCC_WARN_UNINITIALIZED_AUTOS = YES_AGGRESSIVE;
				GCC_WARN_UNUSED_FUNCTION = YES;
				GCC_WARN_UNUSED_VARIABLE = YES;
				IPHONEOS_DEPLOYMENT_TARGET = 9.3;
				MTL_ENABLE_DEBUG_INFO = NO;
				SDKROOT = iphoneos;
				VALIDATE_PRODUCT = YES;
			};
			name = Release;
		};
		7B7B416D1D0CF0DC0027BC45 /* Debug */ = {
			isa = XCBuildConfiguration;
			buildSettings = {
				ASSETCATALOG_COMPILER_APPICON_NAME = AppIcon;
				INFOPLIST_FILE = SpinCity/Info.plist;
				LD_RUNPATH_SEARCH_PATHS = "$(inherited) @executable_path/Frameworks";
				PRODUCT_BUNDLE_IDENTIFIER = tare.SpinCity;
				PRODUCT_NAME = "$(TARGET_NAME)";
			};
			name = Debug;
		};
		7B7B416E1D0CF0DC0027BC45 /* Release */ = {
			isa = XCBuildConfiguration;
			buildSettings = {
				ASSETCATALOG_COMPILER_APPICON_NAME = AppIcon;
				INFOPLIST_FILE = SpinCity/Info.plist;
				LD_RUNPATH_SEARCH_PATHS = "$(inherited) @executable_path/Frameworks";
				PRODUCT_BUNDLE_IDENTIFIER = tare.SpinCity;
				PRODUCT_NAME = "$(TARGET_NAME)";
			};
			name = Release;
		};
/* End XCBuildConfiguration section */

/* Begin XCConfigurationList section */
		7B7B414D1D0CF0DC0027BC45 /* Build configuration list for PBXProject "SpinCity" */ = {
			isa = XCConfigurationList;
			buildConfigurations = (
				7B7B416A1D0CF0DC0027BC45 /* Debug */,
				7B7B416B1D0CF0DC0027BC45 /* Release */,
			);
			defaultConfigurationIsVisible = 0;
			defaultConfigurationName = Release;
		};
		7B7B416C1D0CF0DC0027BC45 /* Build configuration list for PBXNativeTarget "SpinCity" */ = {
			isa = XCConfigurationList;
			buildConfigurations = (
				7B7B416D1D0CF0DC0027BC45 /* Debug */,
				7B7B416E1D0CF0DC0027BC45 /* Release */,
			);
			defaultConfigurationIsVisible = 0;
		};
/* End XCConfigurationList section */
	};
	rootObject = 7B7B414A1D0CF0DC0027BC45 /* Project object */;
}
